
Microsoft Visual Studio Solution File, Format Version 12.00
# Visual Studio 2012
Project("{FAE04EC0-301F-11D3-BF4B-00C04F79EFBC}") = "MassivelyDapperSimpleData", "MassivelyDapperSimpleData\MassivelyDapperSimpleData.csproj", "{57D70859-936A-4FAB-AD9B-807D444E752C}"
EndProject
Global
	GlobalSection(SolutionConfigurationPlatforms) = preSolution
		Debug|Any CPU = Debug|Any CPU
		Release|Any CPU = Release|Any CPU
	EndGlobalSection
	GlobalSection(ProjectConfigurationPlatforms) = postSolution
		{57D70859-936A-4FAB-AD9B-807D444E752C}.Debug|Any CPU.ActiveCfg = Debug|Any CPU
		{57D70859-936A-4FAB-AD9B-807D444E752C}.Debug|Any CPU.Build.0 = Debug|Any CPU
		{57D70859-936A-4FAB-AD9B-807D444E752C}.Release|Any CPU.ActiveCfg = Release|Any CPU
		{57D70859-936A-4FAB-AD9B-807D444E752C}.Release|Any CPU.Build.0 = Release|Any CPU
	EndGlobalSection
	GlobalSection(SolutionProperties) = preSolution
		HideSolutionNode = FALSE
	EndGlobalSection
EndGlobal
